
Microsoft Visual Studio Solution File, Format Version 11.00
# Visual C# Express 2010
Project("{FAE04EC0-301F-11D3-BF4B-00C04F79EFBC}") = "Ikarus", "Ikarus\Ikarus.csproj", "{E47B2B3C-B95D-40E9-88EB-639FA4D34CB3}"
EndProject
Project("{FAE04EC0-301F-11D3-BF4B-00C04F79EFBC}") = "BrawlLib", "BrawlLib\BrawlLib.csproj", "{462D0BBF-CE82-405B-8848-2F91E9E14C55}"
EndProject
Project("{FAE04EC0-301F-11D3-BF4B-00C04F79EFBC}") = "BrawlBox", "BrawlBox\BrawlBox.csproj", "{0B8588FD-74EE-4A7D-A397-91EA3F6A2C77}"
EndProject
Global
	GlobalSection(SolutionConfigurationPlatforms) = preSolution
		_DEBUG|Any CPU = _DEBUG|Any CPU
		_DEBUG|Itanium = _DEBUG|Itanium
		_DEBUG|x64 = _DEBUG|x64
		_DEBUG|x86 = _DEBUG|x86
		Debug|Any CPU = Debug|Any CPU
		Debug|Itanium = Debug|Itanium
		Debug|x64 = Debug|x64
		Debug|x86 = Debug|x86
		Release|Any CPU = Release|Any CPU
		Release|Itanium = Release|Itanium
		Release|x64 = Release|x64
		Release|x86 = Release|x86
	EndGlobalSection
	GlobalSection(ProjectConfigurationPlatforms) = postSolution
		{E47B2B3C-B95D-40E9-88EB-639FA4D34CB3}._DEBUG|Any CPU.ActiveCfg = _DEBUG|x86
		{E47B2B3C-B95D-40E9-88EB-639FA4D34CB3}._DEBUG|Itanium.ActiveCfg = _DEBUG|x86
		{E47B2B3C-B95D-40E9-88EB-639FA4D34CB3}._DEBUG|x64.ActiveCfg = _DEBUG|x86
		{E47B2B3C-B95D-40E9-88EB-639FA4D34CB3}._DEBUG|x86.ActiveCfg = _DEBUG|x86
		{E47B2B3C-B95D-40E9-88EB-639FA4D34CB3}._DEBUG|x86.Build.0 = _DEBUG|x86
		{E47B2B3C-B95D-40E9-88EB-639FA4D34CB3}.Debug|Any CPU.ActiveCfg = Debug|x86
		{E47B2B3C-B95D-40E9-88EB-639FA4D34CB3}.Debug|Itanium.ActiveCfg = Debug|x86
		{E47B2B3C-B95D-40E9-88EB-639FA4D34CB3}.Debug|x64.ActiveCfg = Debug|x86
		{E47B2B3C-B95D-40E9-88EB-639FA4D34CB3}.Debug|x86.ActiveCfg = Debug|x86
		{E47B2B3C-B95D-40E9-88EB-639FA4D34CB3}.Debug|x86.Build.0 = Debug|x86
		{E47B2B3C-B95D-40E9-88EB-639FA4D34CB3}.Release|Any CPU.ActiveCfg = Release|x86
		{E47B2B3C-B95D-40E9-88EB-639FA4D34CB3}.Release|Itanium.ActiveCfg = Release|x86
		{E47B2B3C-B95D-40E9-88EB-639FA4D34CB3}.Release|x64.ActiveCfg = Release|x86
		{E47B2B3C-B95D-40E9-88EB-639FA4D34CB3}.Release|x86.ActiveCfg = Release|x86
		{E47B2B3C-B95D-40E9-88EB-639FA4D34CB3}.Release|x86.Build.0 = Release|x86
		{462D0BBF-CE82-405B-8848-2F91E9E14C55}._DEBUG|Any CPU.ActiveCfg = _DEBUG|Any CPU
		{462D0BBF-CE82-405B-8848-2F91E9E14C55}._DEBUG|Any CPU.Build.0 = _DEBUG|Any CPU
		{462D0BBF-CE82-405B-8848-2F91E9E14C55}._DEBUG|Itanium.ActiveCfg = _DEBUG|Itanium
		{462D0BBF-CE82-405B-8848-2F91E9E14C55}._DEBUG|Itanium.Build.0 = _DEBUG|Itanium
		{462D0BBF-CE82-405B-8848-2F91E9E14C55}._DEBUG|x64.ActiveCfg = _DEBUG|x64
		{462D0BBF-CE82-405B-8848-2F91E9E14C55}._DEBUG|x64.Build.0 = _DEBUG|x64
		{462D0BBF-CE82-405B-8848-2F91E9E14C55}._DEBUG|x86.ActiveCfg = _DEBUG|x86
		{462D0BBF-CE82-405B-8848-2F91E9E14C55}._DEBUG|x86.Build.0 = _DEBUG|x86
		{462D0BBF-CE82-405B-8848-2F91E9E14C55}.Debug|Any CPU.ActiveCfg = Debug|Any CPU
		{462D0BBF-CE82-405B-8848-2F91E9E14C55}.Debug|Any CPU.Build.0 = Debug|Any CPU
		{462D0BBF-CE82-405B-8848-2F91E9E14C55}.Debug|Itanium.ActiveCfg = Debug|Itanium
		{462D0BBF-CE82-405B-8848-2F91E9E14C55}.Debug|Itanium.Build.0 = Debug|Itanium
		{462D0BBF-CE82-405B-8848-2F91E9E14C55}.Debug|x64.ActiveCfg = Debug|x64
		{462D0BBF-CE82-405B-8848-2F91E9E14C55}.Debug|x64.Build.0 = Debug|x64
		{462D0BBF-CE82-405B-8848-2F91E9E14C55}.Debug|x86.ActiveCfg = Debug|x86
		{462D0BBF-CE82-405B-8848-2F91E9E14C55}.Debug|x86.Build.0 = Debug|x86
		{462D0BBF-CE82-405B-8848-2F91E9E14C55}.Release|Any CPU.ActiveCfg = Release|Any CPU
		{462D0BBF-CE82-405B-8848-2F91E9E14C55}.Release|Any CPU.Build.0 = Release|Any CPU
		{462D0BBF-CE82-405B-8848-2F91E9E14C55}.Release|Itanium.ActiveCfg = Release|Itanium
		{462D0BBF-CE82-405B-8848-2F91E9E14C55}.Release|Itanium.Build.0 = Release|Itanium
		{462D0BBF-CE82-405B-8848-2F91E9E14C55}.Release|x64.ActiveCfg = Release|x64
		{462D0BBF-CE82-405B-8848-2F91E9E14C55}.Release|x64.Build.0 = Release|x64
		{462D0BBF-CE82-405B-8848-2F91E9E14C55}.Release|x86.ActiveCfg = Release|x86
		{462D0BBF-CE82-405B-8848-2F91E9E14C55}.Release|x86.Build.0 = Release|x86
		{0B8588FD-74EE-4A7D-A397-91EA3F6A2C77}._DEBUG|Any CPU.ActiveCfg = _DEBUG|Any CPU
		{0B8588FD-74EE-4A7D-A397-91EA3F6A2C77}._DEBUG|Any CPU.Build.0 = _DEBUG|Any CPU
		{0B8588FD-74EE-4A7D-A397-91EA3F6A2C77}._DEBUG|Itanium.ActiveCfg = _DEBUG|Itanium
		{0B8588FD-74EE-4A7D-A397-91EA3F6A2C77}._DEBUG|Itanium.Build.0 = _DEBUG|Itanium
		{0B8588FD-74EE-4A7D-A397-91EA3F6A2C77}._DEBUG|x64.ActiveCfg = _DEBUG|x86
		{0B8588FD-74EE-4A7D-A397-91EA3F6A2C77}._DEBUG|x86.ActiveCfg = _DEBUG|x86
		{0B8588FD-74EE-4A7D-A397-91EA3F6A2C77}._DEBUG|x86.Build.0 = _DEBUG|x86
		{0B8588FD-74EE-4A7D-A397-91EA3F6A2C77}.Debug|Any CPU.ActiveCfg = Debug|Any CPU
		{0B8588FD-74EE-4A7D-A397-91EA3F6A2C77}.Debug|Any CPU.Build.0 = Debug|Any CPU
		{0B8588FD-74EE-4A7D-A397-91EA3F6A2C77}.Debug|Itanium.ActiveCfg = Debug|Itanium
		{0B8588FD-74EE-4A7D-A397-91EA3F6A2C77}.Debug|Itanium.Build.0 = Debug|Itanium
		{0B8588FD-74EE-4A7D-A397-91EA3F6A2C77}.Debug|x64.ActiveCfg = Debug|x86
		{0B8588FD-74EE-4A7D-A397-91EA3F6A2C77}.Debug|x86.ActiveCfg = Debug|x86
		{0B8588FD-74EE-4A7D-A397-91EA3F6A2C77}.Debug|x86.Build.0 = Debug|x86
		{0B8588FD-74EE-4A7D-A397-91EA3F6A2C77}.Release|Any CPU.ActiveCfg = Release|Any CPU
		{0B8588FD-74EE-4A7D-A397-91EA3F6A2C77}.Release|Any CPU.Build.0 = Release|Any CPU
		{0B8588FD-74EE-4A7D-A397-91EA3F6A2C77}.Release|Itanium.ActiveCfg = Release|Itanium
		{0B8588FD-74EE-4A7D-A397-91EA3F6A2C77}.Release|Itanium.Build.0 = Release|Itanium
		{0B8588FD-74EE-4A7D-A397-91EA3F6A2C77}.Release|x64.ActiveCfg = Release|x86
		{0B8588FD-74EE-4A7D-A397-91EA3F6A2C77}.Release|x86.ActiveCfg = Release|x86
		{0B8588FD-74EE-4A7D-A397-91EA3F6A2C77}.Release|x86.Build.0 = Release|x86
	EndGlobalSection
	GlobalSection(SolutionProperties) = preSolution
		HideSolutionNode = FALSE
	EndGlobalSection
EndGlobal
